
Microsoft Visual Studio Solution File, Format Version 12.00
# Visual Studio Version 16
VisualStudioVersion = 16.0.28803.352
MinimumVisualStudioVersion = 10.0.40219.1
Project("{FAE04EC0-301F-11D3-BF4B-00C04F79EFBC}") = "Chess", "Test_app_3\Chess.csproj", "{66451F8D-35D0-4056-9680-C7E0199D084C}"
EndProject
Global
	GlobalSection(SolutionConfigurationPlatforms) = preSolution
		Debug|Any CPU = Debug|Any CPU
		Release|Any CPU = Release|Any CPU
	EndGlobalSection
	GlobalSection(ProjectConfigurationPlatforms) = postSolution
		{66451F8D-35D0-4056-9680-C7E0199D084C}.Debug|Any CPU.ActiveCfg = Debug|Any CPU
		{66451F8D-35D0-4056-9680-C7E0199D084C}.Debug|Any CPU.Build.0 = Debug|Any CPU
		{66451F8D-35D0-4056-9680-C7E0199D084C}.Release|Any CPU.ActiveCfg = Release|Any CPU
		{66451F8D-35D0-4056-9680-C7E0199D084C}.Release|Any CPU.Build.0 = Release|Any CPU
	EndGlobalSection
	GlobalSection(SolutionProperties) = preSolution
		HideSolutionNode = FALSE
	EndGlobalSection
	GlobalSection(ExtensibilityGlobals) = postSolution
		SolutionGuid = {7620F145-6676-483D-BA34-88C11ED7F1FC}
	EndGlobalSection
EndGlobal
